
Microsoft Visual Studio Solution File, Format Version 12.00
# Visual Studio 15
VisualStudioVersion = 15.0.27428.2043
MinimumVisualStudioVersion = 10.0.40219.1
Project("{FAE04EC0-301F-11D3-BF4B-00C04F79EFBC}") = "PrimoEsericioz", "PrimoEsericioz\PrimoEsericioz.csproj", "{CD8D6750-BD21-415C-8A46-A6D2048C7DC5}"
EndProject
Global
	GlobalSection(SolutionConfigurationPlatforms) = preSolution
		Debug|Any CPU = Debug|Any CPU
		Release|Any CPU = Release|Any CPU
	EndGlobalSection
	GlobalSection(ProjectConfigurationPlatforms) = postSolution
		{CD8D6750-BD21-415C-8A46-A6D2048C7DC5}.Debug|Any CPU.ActiveCfg = Debug|Any CPU
		{CD8D6750-BD21-415C-8A46-A6D2048C7DC5}.Debug|Any CPU.Build.0 = Debug|Any CPU
		{CD8D6750-BD21-415C-8A46-A6D2048C7DC5}.Release|Any CPU.ActiveCfg = Release|Any CPU
		{CD8D6750-BD21-415C-8A46-A6D2048C7DC5}.Release|Any CPU.Build.0 = Release|Any CPU
	EndGlobalSection
	GlobalSection(SolutionProperties) = preSolution
		HideSolutionNode = FALSE
	EndGlobalSection
	GlobalSection(ExtensibilityGlobals) = postSolution
		SolutionGuid = {D0678412-EE89-44BB-A572-731A74A4C7F2}
	EndGlobalSection
EndGlobal
