
Microsoft Visual Studio Solution File, Format Version 12.00
# Visual Studio 15
VisualStudioVersion = 15.0.27428.2043
MinimumVisualStudioVersion = 10.0.40219.1
Project("{FAE04EC0-301F-11D3-BF4B-00C04F79EFBC}") = "Esercizio2", "Esercizio2\Esercizio2.csproj", "{72109CA7-9B42-4E3B-9F03-9B1DE802BA80}"
EndProject
Global
	GlobalSection(SolutionConfigurationPlatforms) = preSolution
		Debug|Any CPU = Debug|Any CPU
		Release|Any CPU = Release|Any CPU
	EndGlobalSection
	GlobalSection(ProjectConfigurationPlatforms) = postSolution
		{72109CA7-9B42-4E3B-9F03-9B1DE802BA80}.Debug|Any CPU.ActiveCfg = Debug|Any CPU
		{72109CA7-9B42-4E3B-9F03-9B1DE802BA80}.Debug|Any CPU.Build.0 = Debug|Any CPU
		{72109CA7-9B42-4E3B-9F03-9B1DE802BA80}.Release|Any CPU.ActiveCfg = Release|Any CPU
		{72109CA7-9B42-4E3B-9F03-9B1DE802BA80}.Release|Any CPU.Build.0 = Release|Any CPU
	EndGlobalSection
	GlobalSection(SolutionProperties) = preSolution
		HideSolutionNode = FALSE
	EndGlobalSection
	GlobalSection(ExtensibilityGlobals) = postSolution
		SolutionGuid = {79FBDAEF-1F4C-455B-B1CB-133186C6C6CE}
	EndGlobalSection
EndGlobal
